
Microsoft Visual Studio Solution File, Format Version 12.00
# Visual Studio 14
VisualStudioVersion = 14.0.24720.0
MinimumVisualStudioVersion = 10.0.40219.1
Project("{2150E333-8FDC-42A3-9474-1A3956D46DE8}") = "src", "src", "{E6527CE5-9479-492D-BAE9-975B48631559}"
EndProject
Project("{8BB2217D-0F2D-49D1-97BC-3654ED321F3B}") = "Ofc", "Ofc\Ofc.xproj", "{484AB206-0CE7-4B54-BBFF-87FB16E9E105}"
EndProject
Project("{8BB2217D-0F2D-49D1-97BC-3654ED321F3B}") = "OfcCore", "OfcCore\OfcCore.xproj", "{873E3391-D044-4C74-8390-DC2FFA59E507}"
EndProject
Project("{2150E333-8FDC-42A3-9474-1A3956D46DE8}") = "Solution Items", "Solution Items", "{1A88A74A-AE07-477D-926A-995B8F987F9E}"
	ProjectSection(SolutionItems) = preProject
		global.json = global.json
	EndProjectSection
EndProject
Global
	GlobalSection(SolutionConfigurationPlatforms) = preSolution
		Debug|Any CPU = Debug|Any CPU
		Release|Any CPU = Release|Any CPU
	EndGlobalSection
	GlobalSection(ProjectConfigurationPlatforms) = postSolution
		{484AB206-0CE7-4B54-BBFF-87FB16E9E105}.Debug|Any CPU.ActiveCfg = Debug|Any CPU
		{484AB206-0CE7-4B54-BBFF-87FB16E9E105}.Debug|Any CPU.Build.0 = Debug|Any CPU
		{484AB206-0CE7-4B54-BBFF-87FB16E9E105}.Release|Any CPU.ActiveCfg = Release|Any CPU
		{484AB206-0CE7-4B54-BBFF-87FB16E9E105}.Release|Any CPU.Build.0 = Release|Any CPU
		{873E3391-D044-4C74-8390-DC2FFA59E507}.Debug|Any CPU.ActiveCfg = Debug|Any CPU
		{873E3391-D044-4C74-8390-DC2FFA59E507}.Debug|Any CPU.Build.0 = Debug|Any CPU
		{873E3391-D044-4C74-8390-DC2FFA59E507}.Release|Any CPU.ActiveCfg = Release|Any CPU
		{873E3391-D044-4C74-8390-DC2FFA59E507}.Release|Any CPU.Build.0 = Release|Any CPU
	EndGlobalSection
	GlobalSection(SolutionProperties) = preSolution
		HideSolutionNode = FALSE
	EndGlobalSection
	GlobalSection(NestedProjects) = preSolution
		{484AB206-0CE7-4B54-BBFF-87FB16E9E105} = {E6527CE5-9479-492D-BAE9-975B48631559}
		{873E3391-D044-4C74-8390-DC2FFA59E507} = {E6527CE5-9479-492D-BAE9-975B48631559}
	EndGlobalSection
EndGlobal
